
Microsoft Visual Studio Solution File, Format Version 12.00
# Visual Studio 15
VisualStudioVersion = 15.0.28307.421
MinimumVisualStudioVersion = 10.0.40219.1
Project("{FAE04EC0-301F-11D3-BF4B-00C04F79EFBC}") = "WpfDataGridTest", "WpfDataGridTest\WpfDataGridTest.csproj", "{AFE3EFF2-1915-4C54-B7E3-A20C0BD6C364}"
EndProject
Global
	GlobalSection(SolutionConfigurationPlatforms) = preSolution
		Debug|Any CPU = Debug|Any CPU
		Release|Any CPU = Release|Any CPU
	EndGlobalSection
	GlobalSection(ProjectConfigurationPlatforms) = postSolution
		{AFE3EFF2-1915-4C54-B7E3-A20C0BD6C364}.Debug|Any CPU.ActiveCfg = Debug|Any CPU
		{AFE3EFF2-1915-4C54-B7E3-A20C0BD6C364}.Debug|Any CPU.Build.0 = Debug|Any CPU
		{AFE3EFF2-1915-4C54-B7E3-A20C0BD6C364}.Release|Any CPU.ActiveCfg = Release|Any CPU
		{AFE3EFF2-1915-4C54-B7E3-A20C0BD6C364}.Release|Any CPU.Build.0 = Release|Any CPU
	EndGlobalSection
	GlobalSection(SolutionProperties) = preSolution
		HideSolutionNode = FALSE
	EndGlobalSection
	GlobalSection(ExtensibilityGlobals) = postSolution
		SolutionGuid = {59D96CCD-9B6F-4212-A495-AFC3E7766679}
	EndGlobalSection
EndGlobal
